schema: '2.0'
stages:
  generate_data:
    cmd: td generate --force
    deps:
    - path: src/threat_detection/data/generate.py
      hash: md5
      md5: 1070f0de6c8dccc540f6ec6f96720adb
      size: 2479
    - path: src/threat_detection/data/schema.py
      hash: md5
      md5: b557760e62acc2b4cba32c9b582d319a
      size: 4726
    - path: src/threat_detection/data/synthetic.py
      hash: md5
      md5: b2f17a6125901d62a618fccf97eb22c3
      size: 10525
    params:
      params.yaml:
        data:
          tabular:
            n_rows: 50000
            benign_ratio: 0.75
            attack_mix:
              DoS: 0.35
              DDoS: 0.25
              PortScan: 0.2
              Brute Force: 0.1
              Web Attack: 0.06
              Botnet: 0.03
              Infiltration: 0.01
            inf_nan_fraction: 0.01
            duplicate_fraction: 0.02
          text:
            n_rows: 20000
            malicious_ratio: 0.3
          drift:
            enabled: false
            shift_scale: 1.0
        seed: 42
    outs:
    - path: data/raw/cicids2017/flows.parquet
      hash: md5
      md5: c35c9319cc93d53fbb92a208c84b9397
      size: 33214215
    - path: data/raw/text_corpus/commands.parquet
      hash: md5
      md5: d1d1b542910118ea61c45bc22338f0a1
      size: 148787
  preprocess:
    cmd: td preprocess
    deps:
    - path: data/raw/cicids2017/flows.parquet
      hash: md5
      md5: c35c9319cc93d53fbb92a208c84b9397
      size: 33214215
    - path: data/raw/text_corpus/commands.parquet
      hash: md5
      md5: d1d1b542910118ea61c45bc22338f0a1
      size: 148787
    - path: src/threat_detection/features
      hash: md5
      md5: 4a5eb7c466533acc0eacb12a04dc1331.dir
      size: 46026
      nfiles: 12
    params:
      params.yaml:
        preprocessing:
          numeric_imputer_strategy: median
          scaler: standard
          drop_duplicates: true
          text:
            level: char
            max_len: 256
            min_freq: 1
            max_vocab: 5000
            lowercase: true
        seed: 42
        split:
          test_size: 0.2
          val_size: 0.1
          stratify: true
    outs:
    - path: artifacts/preprocessor.joblib
      hash: md5
      md5: 831869f48e8f47c0907a297d682b37b4
      size: 5199
    - path: artifacts/tokenizer.json
      hash: md5
      md5: 766b77533135ef5daa2144854009ecdd
      size: 885
    - path: data/processed/tabular_test.parquet
      hash: md5
      md5: 4766aea689f5215ccbae9cb34701222c
      size: 3892689
    - path: data/processed/tabular_train.parquet
      hash: md5
      md5: dd3f64335c12a1a761218394ee5b2064
      size: 14052633
    - path: data/processed/tabular_val.parquet
      hash: md5
      md5: 5d547573486a8febba87b0aba1452041
      size: 1929657
    - path: data/processed/text_test.parquet
      hash: md5
      md5: a150394094792345a537685cdf58c3ea
      size: 30633
    - path: data/processed/text_train.parquet
      hash: md5
      md5: 9dda03d64710efd4b447d12a1a531d87
      size: 105503
    - path: data/processed/text_val.parquet
      hash: md5
      md5: 5a9af5a045ec7e1638a54867b3a2b180
      size: 16254
  train_tabular:
    cmd: td train-tabular
    deps:
    - path: data/processed/tabular_test.parquet
      hash: md5
      md5: 4766aea689f5215ccbae9cb34701222c
      size: 3892689
    - path: data/processed/tabular_train.parquet
      hash: md5
      md5: dd3f64335c12a1a761218394ee5b2064
      size: 14052633
    - path: data/processed/tabular_val.parquet
      hash: md5
      md5: 5d547573486a8febba87b0aba1452041
      size: 1929657
    - path: src/threat_detection/evaluation
      hash: md5
      md5: e10497c70bbe580a0b120df5c093515f.dir
      size: 24140
      nfiles: 8
    - path: src/threat_detection/models
      hash: md5
      md5: 08bde756579ba9aa32a6b951e2b36087.dir
      size: 46897
      nfiles: 10
    - path: src/threat_detection/training/train_tabular.py
      hash: md5
      md5: e5874f41783206da40e9df8476810a11
      size: 5322
    params:
      params.yaml:
        eval_gate:
          min_pr_auc: 0.8
          min_per_class_recall: 0.5
          max_p99_latency_ms: 50
        isolation_forest:
          contamination: auto
          n_estimators: 200
          max_samples: auto
        seed: 42
        xgboost:
          max_depth: 6
          learning_rate: 0.1
          n_estimators: 200
          subsample: 0.8
          colsample_bytree: 0.8
          min_child_weight: 1.0
          reg_lambda: 1.0
          reg_alpha: 0.0
          early_stopping_rounds: 20
          tune: false
          n_trials: 15
          operating_recall: 0.8
    outs:
    - path: artifacts/models/anomaly.joblib
      hash: md5
      md5: d3cae73375c697e3214e30488b291211
      size: 2186458
    - path: artifacts/models/classifier.json
      hash: md5
      md5: 1fc9e23994406750a9000bda5c9edad5
      size: 6283423
    - path: artifacts/models/classifier.json.meta.joblib
      hash: md5
      md5: c8e3dcd542dbd028a2dc0d74e4cf2191
      size: 301
  train_text:
    cmd: td train-text
    deps:
    - path: artifacts/tokenizer.json
      hash: md5
      md5: 766b77533135ef5daa2144854009ecdd
      size: 885
    - path: data/processed/text_test.parquet
      hash: md5
      md5: a150394094792345a537685cdf58c3ea
      size: 30633
    - path: data/processed/text_train.parquet
      hash: md5
      md5: 9dda03d64710efd4b447d12a1a531d87
      size: 105503
    - path: data/processed/text_val.parquet
      hash: md5
      md5: 5a9af5a045ec7e1638a54867b3a2b180
      size: 16254
    - path: src/threat_detection/models/text_baseline.py
      hash: md5
      md5: 194831c6a1f7fa7a0fc3de653beb3c93
      size: 1458
    - path: src/threat_detection/models/text_lstm.py
      hash: md5
      md5: d36860d04c47d4e5f7677652ae2c9dda
      size: 7598
    - path: src/threat_detection/training/train_text.py
      hash: md5
      md5: b661902b72dd4434801644d31ca88478
      size: 4565
    params:
      params.yaml:
        lstm:
          embedding_dim: 64
          hidden_dim: 64
          num_layers: 1
          bidirectional: true
          dropout: 0.3
          lr: 0.001
          batch_size: 256
          max_epochs: 8
          patience: 3
          operating_recall: 0.8
          device: auto
        seed: 42
    outs:
    - path: artifacts/models/text_lstm.pt
      hash: md5
      md5: cd00937df25c6bc6047bc4e8fd22cdb0
      size: 284516
    - path: artifacts/models/text_lstm.pt.meta.joblib
      hash: md5
      md5: 19b99d615e2fd233df0764a780ae6864
      size: 272
